
Microsoft Visual Studio Solution File, Format Version 12.00
# Visual Studio Version 16
VisualStudioVersion = 16.0.31129.286
MinimumVisualStudioVersion = 10.0.40219.1
Project("{FAE04EC0-301F-11D3-BF4B-00C04F79EFBC}") = "TwoCustomerThread", "TwoCustomerThread.csproj", "{34D5271A-B8B6-4B29-989F-4A6563783101}"
EndProject
Global
	GlobalSection(SolutionConfigurationPlatforms) = preSolution
		Debug|Any CPU = Debug|Any CPU
		Release|Any CPU = Release|Any CPU
	EndGlobalSection
	GlobalSection(ProjectConfigurationPlatforms) = postSolution
		{34D5271A-B8B6-4B29-989F-4A6563783101}.Debug|Any CPU.ActiveCfg = Debug|Any CPU
		{34D5271A-B8B6-4B29-989F-4A6563783101}.Debug|Any CPU.Build.0 = Debug|Any CPU
		{34D5271A-B8B6-4B29-989F-4A6563783101}.Release|Any CPU.ActiveCfg = Release|Any CPU
		{34D5271A-B8B6-4B29-989F-4A6563783101}.Release|Any CPU.Build.0 = Release|Any CPU
	EndGlobalSection
	GlobalSection(SolutionProperties) = preSolution
		HideSolutionNode = FALSE
	EndGlobalSection
	GlobalSection(ExtensibilityGlobals) = postSolution
		SolutionGuid = {ACD3D661-6447-49B6-B79E-A9641E5A016D}
	EndGlobalSection
EndGlobal
